{
  "nodes": {
    "flake-utils": {
      "locked": {
        "lastModified": 1659877975,
        "narHash": "sha256-zllb8aq3YO3h8B/U0/J1WBgAL8EX5yWf5pMj3G0NAmc=",
        "owner": "numtide",
        "repo": "flake-utils",
        "rev": "c0e246b9b83f637f4681389ecabcb2681b4f3af0",
        "type": "github"
      },
      "original": {
        "owner": "numtide",
        "repo": "flake-utils",
        "type": "github"
      }
    },
    "nimble": {
      "inputs": {
        "nixpkgs": "nixpkgs"
      },
      "locked": {
        "lastModified": 1644517745,
        "narHash": "sha256-sS9KXluD8J6N9XxkVuDMbIq9fHJ0h43+Pi7R+mzBT1E=",
        "owner": "floscr",
        "repo": "flake-nimble",
        "rev": "9c08a3a3305b0efd91cbdb708c0c6c3b4e9033da",
        "type": "github"
      },
      "original": {
        "owner": "floscr",
        "repo": "flake-nimble",
        "type": "github"
      }
    },
    "nixpkgs": {
      "locked": {
        "lastModified": 1619945546,
        "narHash": "sha256-jDQB+5iGBS0AqtT060yzQLixwNBcxNn4EOuu1bK6Pcw=",
        "owner": "NixOS",
        "repo": "nixpkgs",
        "rev": "c576998594b4b8790f291d17fa92d499d1dc5d42",
        "type": "github"
      },
      "original": {
        "id": "nixpkgs",
        "type": "indirect"
      }
    },
    "nixpkgs_2": {
      "locked": {
        "lastModified": 1661353537,
        "narHash": "sha256-1E2IGPajOsrkR49mM5h55OtYnU0dGyre6gl60NXKITE=",
        "owner": "nixos",
        "repo": "nixpkgs",
        "rev": "0e304ff0d9db453a4b230e9386418fd974d5804a",
        "type": "github"
      },
      "original": {
        "owner": "nixos",
        "ref": "nixpkgs-unstable",
        "repo": "nixpkgs",
        "type": "github"
      }
    },
    "root": {
      "inputs": {
        "flake-utils": "flake-utils",
        "nimble": "nimble",
        "nixpkgs": "nixpkgs_2"
      }
    }
  },
  "root": "root",
  "version": 7
}
